
Microsoft Visual Studio Solution File, Format Version 12.00
# Visual Studio Version 17
VisualStudioVersion = 17.9.34723.18
MinimumVisualStudioVersion = 10.0.40219.1
Project("{FAE04EC0-301F-11D3-BF4B-00C04F79EFBC}") = "Api", "Api\Api.csproj", "{72608053-FEE7-4B73-B646-B57CE0402F1C}"
EndProject
Global
	GlobalSection(SolutionConfigurationPlatforms) = preSolution
		Debug|Any CPU = Debug|Any CPU
		Release|Any CPU = Release|Any CPU
	EndGlobalSection
	GlobalSection(ProjectConfigurationPlatforms) = postSolution
		{72608053-FEE7-4B73-B646-B57CE0402F1C}.Debug|Any CPU.ActiveCfg = Debug|Any CPU
		{72608053-FEE7-4B73-B646-B57CE0402F1C}.Debug|Any CPU.Build.0 = Debug|Any CPU
		{72608053-FEE7-4B73-B646-B57CE0402F1C}.Release|Any CPU.ActiveCfg = Release|Any CPU
		{72608053-FEE7-4B73-B646-B57CE0402F1C}.Release|Any CPU.Build.0 = Release|Any CPU
	EndGlobalSection
	GlobalSection(SolutionProperties) = preSolution
		HideSolutionNode = FALSE
	EndGlobalSection
	GlobalSection(ExtensibilityGlobals) = postSolution
		SolutionGuid = {80865947-6221-407B-A5A8-D4F06D2FC65A}
	EndGlobalSection
EndGlobal
